
Microsoft Visual Studio Solution File, Format Version 12.00
# Visual Studio 15
VisualStudioVersion = 15.0.26124.0
MinimumVisualStudioVersion = 15.0.26124.0
roject("{F2A71F9B-5D33-465A-A702-920D77279786}") = "oagunth-core", "oagunth-core\oagunth-core.fsproj", "{3F5B1E7E-E30E-4117-8F2D-B641F8922528}"
EndProject
Project("{F2A71F9B-5D33-465A-A702-920D77279786}") = "oagunth-api", "oagunth-api\oagunth-api.fsproj", "{907B77E6-2937-4B2E-8343-359171DC282F}"
EndProject
Project("{F2A71F9B-5D33-465A-A702-920D77279786}") = "oagunth-core", "oagunth-core\oagunth-core.fsproj", "{09E26CB0-3421-413A-BB35-1458567407E0}"
EndProject
Global
	GlobalSection(SolutionConfigurationPlatforms) = preSolution
		Debug|Any CPU = Debug|Any CPU
		Debug|x64 = Debug|x64
		Debug|x86 = Debug|x86
		Release|Any CPU = Release|Any CPU
		Release|x64 = Release|x64
		Release|x86 = Release|x86
	EndGlobalSection
	GlobalSection(SolutionProperties) = preSolution
		HideSolutionNode = FALSE
	EndGlobalSection
	GlobalSection(ProjectConfigurationPlatforms) = postSolution
		{907B77E6-2937-4B2E-8343-359171DC282F}.Debug|Any CPU.ActiveCfg = Debug|Any CPU
		{907B77E6-2937-4B2E-8343-359171DC282F}.Debug|Any CPU.Build.0 = Debug|Any CPU
		{907B77E6-2937-4B2E-8343-359171DC282F}.Debug|x64.ActiveCfg = Debug|Any CPU
		{907B77E6-2937-4B2E-8343-359171DC282F}.Debug|x64.Build.0 = Debug|Any CPU
		{907B77E6-2937-4B2E-8343-359171DC282F}.Debug|x86.ActiveCfg = Debug|Any CPU
		{907B77E6-2937-4B2E-8343-359171DC282F}.Debug|x86.Build.0 = Debug|Any CPU
		{907B77E6-2937-4B2E-8343-359171DC282F}.Release|Any CPU.ActiveCfg = Release|Any CPU
		{907B77E6-2937-4B2E-8343-359171DC282F}.Release|Any CPU.Build.0 = Release|Any CPU
		{907B77E6-2937-4B2E-8343-359171DC282F}.Release|x64.ActiveCfg = Release|Any CPU
		{907B77E6-2937-4B2E-8343-359171DC282F}.Release|x64.Build.0 = Release|Any CPU
		{907B77E6-2937-4B2E-8343-359171DC282F}.Release|x86.ActiveCfg = Release|Any CPU
		{907B77E6-2937-4B2E-8343-359171DC282F}.Release|x86.Build.0 = Release|Any CPU
				{3F5B1E7E-E30E-4117-8F2D-B641F8922528}.Debug|Any CPU.ActiveCfg = Debug|Any CPU
		{3F5B1E7E-E30E-4117-8F2D-B641F8922528}.Debug|Any CPU.Build.0 = Debug|Any CPU
		{3F5B1E7E-E30E-4117-8F2D-B641F8922528}.Debug|x64.ActiveCfg = Debug|Any CPU
		{3F5B1E7E-E30E-4117-8F2D-B641F8922528}.Debug|x64.Build.0 = Debug|Any CPU
		{3F5B1E7E-E30E-4117-8F2D-B641F8922528}.Debug|x86.ActiveCfg = Debug|Any CPU
		{3F5B1E7E-E30E-4117-8F2D-B641F8922528}.Debug|x86.Build.0 = Debug|Any CPU
		{3F5B1E7E-E30E-4117-8F2D-B641F8922528}.Release|Any CPU.ActiveCfg = Release|Any CPU
		{3F5B1E7E-E30E-4117-8F2D-B641F8922528}.Release|Any CPU.Build.0 = Release|Any CPU
		{3F5B1E7E-E30E-4117-8F2D-B641F8922528}.Release|x64.ActiveCfg = Release|Any CPU
		{3F5B1E7E-E30E-4117-8F2D-B641F8922528}.Release|x64.Build.0 = Release|Any CPU
		{3F5B1E7E-E30E-4117-8F2D-B641F8922528}.Release|x86.ActiveCfg = Release|Any CPU
		{3F5B1E7E-E30E-4117-8F2D-B641F8922528}.Release|x86.Build.0 = Release|Any CPU
		{09E26CB0-3421-413A-BB35-1458567407E0}.Debug|Any CPU.ActiveCfg = Debug|Any CPU
		{09E26CB0-3421-413A-BB35-1458567407E0}.Debug|Any CPU.Build.0 = Debug|Any CPU
		{09E26CB0-3421-413A-BB35-1458567407E0}.Debug|x64.ActiveCfg = Debug|Any CPU
		{09E26CB0-3421-413A-BB35-1458567407E0}.Debug|x64.Build.0 = Debug|Any CPU
		{09E26CB0-3421-413A-BB35-1458567407E0}.Debug|x86.ActiveCfg = Debug|Any CPU
		{09E26CB0-3421-413A-BB35-1458567407E0}.Debug|x86.Build.0 = Debug|Any CPU
		{09E26CB0-3421-413A-BB35-1458567407E0}.Release|Any CPU.ActiveCfg = Release|Any CPU
		{09E26CB0-3421-413A-BB35-1458567407E0}.Release|Any CPU.Build.0 = Release|Any CPU
		{09E26CB0-3421-413A-BB35-1458567407E0}.Release|x64.ActiveCfg = Release|Any CPU
		{09E26CB0-3421-413A-BB35-1458567407E0}.Release|x64.Build.0 = Release|Any CPU
		{09E26CB0-3421-413A-BB35-1458567407E0}.Release|x86.ActiveCfg = Release|Any CPU
		{09E26CB0-3421-413A-BB35-1458567407E0}.Release|x86.Build.0 = Release|Any CPU
	EndGlobalSection
EndGlobal
